github.com/Masterminds/semver/v3 v3.2.1 h1:RN9w6+7QoMeJVGyfmbcgs28Br8cvmnucEXnY0rYXWg0=
github.com/Masterminds/semver/v3 v3.2.1/go.mod h1:qvl/7zhW3nngYb5+80sSMF+FG2BjYrf8m9wsX0PNOMQ=
github.com/OpenPrinting/goipp v1.2.0 h1:qeB3GyhhB7NM16quwyl51CsTEHFb9chZXAprt+00NKo=
github.com/OpenPrinting/goipp v1.2.0/go.mod h1:ot2iw+QF7fVLaX+55JUNlF5YSDNiXVo2LRAv21iGcQI=
github.com/cenkalti/backoff v2.2.1+incompatible h1:tNowT99t7UNflLxfYYSlKYsBpXdEet03Pg2g16Swow4=
github.com/cenkalti/backoff v2.2.1+incompatible/go.mod h1:90ReRw6GdpyfrHakVjL/QHaoyV4aDUVVkXQJJJ3NXXM=
github.com/creack/pty v1.1.9/go.mod h1:oKZEueFk5CKHvIhNR5MUki03XCEU+Q6VDXinZuGJ33E=
github.com/dlclark/regexp2 v1.11.5 h1:Q/sSnsKerHeCkc/jSTNq1oCm7KiVgUMZRDUoRu0JQZQ=
github.com/dlclark/regexp2 v1.11.5/go.mod h1:DHkYz0B9wPfa6wondMfaivmHpzrQ3v9q8cnmRbL6yW8=
github.com/dop251/goja v0.0.0-20250630131328-58d95d85e994 h1:aQYWswi+hRL2zJqGacdCZx32XjKYV8ApXFGntw79XAM=
github.com/dop251/goja v0.0.0-20250630131328-58d95d85e994/go.mod h1:MxLav0peU43GgvwVgNbLAj1s/bSGboKkhuULvq/7hx4=
github.com/go-gl/gl v0.0.0-20231021071112-07e5d0ea2e71 h1:5BVwOaUSBTlVZowGO6VZGw2H/zl9nrd3eCZfYV+NfQA=
github.com/go-gl/gl v0.0.0-20231021071112-07e5d0ea2e71/go.mod h1:9YTyiznxEY1fVinfM7RvRcjRHbw2xLBJ3AAGIT0I4Nw=
github.com/go-gl/glfw/v3.3/glfw v0.0.0-20250301202403-da16c1255728 h1:RkGhqHxEVAvPM0/R+8g7XRwQnHatO0KAuVcwHo8q9W8=
github.com/go-gl/glfw/v3.3/glfw v0.0.0-20250301202403-da16c1255728/go.mod h1:SyRD8YfuKk+ZXlDqYiqe1qMSqjNgtHzBTG810KUagMc=
github.com/go-sourcemap/sourcemap v2.1.4+incompatible h1:a+iTbH5auLKxaNwQFg0B+TCYl6lbukKPc7b5x0n1s6Q=
github.com/go-sourcemap/sourcemap v2.1.4+incompatible/go.mod h1:F8jJfvm2KbVjc5NqelyYJmf/v5J0dwNLS2mL4sNA1Jg=
github.com/google/go-cmp v0.6.0 h1:ofyhxvXcZhMsU5ulbFiLKl/XBFqE1GSq7atu8tAmTRI=
github.com/google/go-cmp v0.6.0/go.mod h1:17dUlkBOakJ0+DkrSSNjCkIjxS6bF9zb3elmeNGIjoY=
github.com/google/pprof v0.0.0-20250630185457-6e76a2b096b5 h1:xhMrHhTJ6zxu3gA4enFM9MLn9AY7613teCdFnlUVbSQ=
github.com/google/pprof v0.0.0-20250630185457-6e76a2b096b5/go.mod h1:5hDyRhoBCxViHszMt12TnOpEI4VVi+U8Gm9iphldiMA=
github.com/google/uuid v1.6.0 h1:NIvaJDMOsjHA8n1jAhLSgzrAzy1Hgr+hNrb57e+94F0=
github.com/google/uuid v1.6.0/go.mod h1:TIyPZe4MgqvfeYDBFedMoGGpEw/LqOeaOT+nhxU+yHo=
github.com/grandcat/zeroconf v1.0.0 h1:uHhahLBKqwWBV6WZUDAT71044vwOTL+McW0mBJvo6kE=
github.com/grandcat/zeroconf v1.0.0/go.mod h1:lTKmG1zh86XyCoUeIHSA4FJMBwCJiQmGfcP2PdzytEs=
github.com/klauspost/cpuid/v2 v2.3.0 h1:S4CRMLnYUhGeDFDqkGriYKdfoFlDnMtqTiI/sFzhA9Y=
github.com/klauspost/cpuid/v2 v2.3.0/go.mod h1:hqwkgyIinND0mEev00jJYCxPNVRVXFQeu1XKlok6oO0=
github.com/kr/pretty v0.3.0 h1:WgNl7dwNpEZ6jJ9k1snq4pZsg7DOEN8hP9Xw0Tsjwk0=
github.com/kr/pretty v0.3.0/go.mod h1:640gp4NfQd8pI5XOwp5fnNeVWj67G7CFk/SaSQn7NBk=
github.com/kr/text v0.2.0 h1:5Nx0Ya0ZqY2ygV366QzturHI13Jq95ApcVaJBhpS+AY=
github.com/kr/text v0.2.0/go.mod h1:eLer722TekiGuMkidMxC/pM04lWEeraHUUmBw8l2grE=
github.com/lafriks/go-svg v0.5.1 h1:gWotwHOoiCDt2+hg1kuZM5v5FV92CG2fmz3OFkKTVAE=
github.com/lafriks/go-svg v0.5.1/go.mod h1:xbcKdowGtLfEdQf+xuNX9U5ZzBA8o+R3uXxkp1tF0/w=
github.com/miekg/dns v1.1.27/go.mod h1:KNUDUusw/aVsxyTYZM1oqvCicbwhgbNgztCETuNZ7xM=
github.com/miekg/dns v1.1.68 h1:jsSRkNozw7G/mnmXULynzMNIsgY2dHC8LO6U6Ij2JEA=
github.com/miekg/dns v1.1.68/go.mod h1:fujopn7TB3Pu3JM69XaawiU0wqjpL9/8xGop5UrTPps=
github.com/nfnt/resize v0.0.0-20180221191011-83c6a9932646 h1:zYyBkD/k9seD2A7fsi6Oo2LfFZAehjjQMERAvZLEDnQ=
github.com/nfnt/resize v0.0.0-20180221191011-83c6a9932646/go.mod h1:jpp1/29i3P1S/RLdc7JQKbRpFeM1dOBd8T9ki5s+AY8=
github.com/pkg/errors v0.9.1 h1:FEBLx1zS214owpjy7qsBeixbURkuhQAwrK5UwLGTwt4=
github.com/pkg/errors v0.9.1/go.mod h1:bwawxfHBFNV+L2hUp1rHADufV3IMtnDRdf1r5NINEl0=
github.com/richardwilkes/json v0.4.0 h1:eN/Rn0u/HdXI8EpVNJn3Ksy334LP47aTMUYXr9t29Mg=
github.com/richardwilkes/json v0.4.0/go.mod h1:+7qk1QXSKh+NkY0meiJwK57rPnVRbltG3bYnt40Ak4c=
github.com/richardwilkes/pdf v1.25.4 h1:KeHha1QirxOriB2vv+UchMg+AztdSRP7Jqga05yy6F0=
github.com/richardwilkes/pdf v1.25.4/go.mod h1:1YodEIf0UuprtDG35GCDs7lWurtBdGGslstrC51hm4U=
github.com/richardwilkes/rpgtools v1.11.0 h1:z/CR8cXC+YZEnFTdx0ClP6ZrS/g36XyfWZ85lOMyu60=
github.com/richardwilkes/rpgtools v1.11.0/go.mod h1:ikFmcFo1qwW6fk1SNNuoEp8a8gIrqjh7ccU8n095z9A=
github.com/richardwilkes/toolbox/v2 v2.5.0 h1:ewiM+ifol5iQH9CSdUSjHmFa6DekzB5/9OcJGGd4la8=
github.com/richardwilkes/toolbox/v2 v2.5.0/go.mod h1:zDAaPYFr5dXdGPv+RzoNUMahpKU1jj63cyfqO5jDHiU=
github.com/richardwilkes/unison v0.83.2 h1:y70f2LxSdjG/Q16571AkKHk2xVfi2x7I/yabXCJLiY4=
github.com/richardwilkes/unison v0.83.2/go.mod h1:qNml8XwjP2PpyV5GDpTtojZTnltEV0BNtdeSBTIROi8=
github.com/rjeczalik/notify v0.9.3 h1:6rJAzHTGKXGj76sbRgDiDcYj/HniypXmSJo1SWakZeY=
github.com/rjeczalik/notify v0.9.3/go.mod h1:gF3zSOrafR9DQEWSE8TjfI9NkooDxbyT4UgRGKZA0lc=
github.com/rogpeppe/go-internal v1.8.0 h1:FCbCCtXNOY3UtUuHUYaghJg4y7Fd14rXifAYUAtL9R8=
github.com/rogpeppe/go-internal v1.8.0/go.mod h1:WmiCO8CzOY8rg0OYDC4/i/2WRWAB6poM+XZ2dLUbcbE=
github.com/tc-hib/winres v0.3.1 h1:CwRjEGrKdbi5CvZ4ID+iyVhgyfatxFoizjPhzez9Io4=
github.com/tc-hib/winres v0.3.1/go.mod h1:C/JaNhH3KBvhNKVbvdlDWkbMDO9H4fKKDaN7/07SSuk=
github.com/yookoala/realpath v1.0.0 h1:7OA9pj4FZd+oZDsyvXWQvjn5oBdcHRTV44PpdMSuImQ=
github.com/yookoala/realpath v1.0.0/go.mod h1:gJJMA9wuX7AcqLy1+ffPatSCySA1FQ2S8Ya9AIoYBpE=
github.com/yuin/goldmark v1.7.13 h1:GPddIs617DnBLFFVJFgpo1aBfe/4xcvMc3SB5t/D0pA=
github.com/yuin/goldmark v1.7.13/go.mod h1:ip/1k0VRfGynBgxOz0yCqHrbZXhcjxyuS66Brc7iBKg=
github.com/zeebo/assert v1.3.0 h1:g7C04CbJuIDKNPFHmsk4hwZDO5O+kntRxzaUoNXj+IQ=
github.com/zeebo/assert v1.3.0/go.mod h1:Pq9JiuJQpG8JLJdtkwrJESF0Foym2/D9XMU5ciN/wJ0=
github.com/zeebo/xxh3 v1.0.2 h1:xZmwmqxHZA8AI603jOQ0tMqmBr9lPeFwGg6d+xy9DC0=
github.com/zeebo/xxh3 v1.0.2/go.mod h1:5NWz9Sef7zIDm2JHfFlcQvNekmcEl9ekUZQQKCYaDcA=
golang.org/x/crypto v0.0.0-20190308221718-c2843e01d9a2/go.mod h1:djNgcEr1/C05ACkg1iLfiJU5Ep61QUkGW8qpdssI0+w=
golang.org/x/crypto v0.0.0-20191011191535-87dc89f01550/go.mod h1:yigFU9vqHzYiE8UmvKecakEJjdnWj3jj499lnFckfCI=
golang.org/x/image v0.30.0 h1:jD5RhkmVAnjqaCUXfbGBrn3lpxbknfN9w2UhHHU+5B4=
golang.org/x/image v0.30.0/go.mod h1:SAEUTxCCMWSrJcCy/4HwavEsfZZJlYxeHLc6tTiAe/c=
golang.org/x/mod v0.1.1-0.20191105210325-c90efee705ee/go.mod h1:QqPTAvyqsEbceGzBzNggFXnrqF1CaUcvgkdR5Ot7KZg=
golang.org/x/mod v0.27.0 h1:kb+q2PyFnEADO2IEF935ehFUXlWiNjJWtRNgBLSfbxQ=
golang.org/x/mod v0.27.0/go.mod h1:rWI627Fq0DEoudcK+MBkNkCe0EetEaDSwJJkCcjpazc=
golang.org/x/net v0.0.0-20190404232315-eb5bcb51f2a3/go.mod h1:t9HGtf8HONx5eT2rtn7q6eTqICYqUVnKs3thJo3Qplg=
golang.org/x/net v0.0.0-20190620200207-3b0461eec859/go.mod h1:z5CRVTTTmAJ677TzLLGU+0bjPO0LkuOLi4/5GtJWs/s=
golang.org/x/net v0.0.0-20190923162816-aa69164e4478/go.mod h1:z5CRVTTTmAJ677TzLLGU+0bjPO0LkuOLi4/5GtJWs/s=
golang.org/x/net v0.0.0-20200114155413-6afb5195e5aa/go.mod h1:z5CRVTTTmAJ677TzLLGU+0bjPO0LkuOLi4/5GtJWs/s=
golang.org/x/net v0.43.0 h1:lat02VYK2j4aLzMzecihNvTlJNQUq316m2Mr9rnM6YE=
golang.org/x/net v0.43.0/go.mod h1:vhO1fvI4dGsIjh73sWfUVjj3N7CA9WkKJNQm2svM6Jg=
golang.org/x/sync v0.0.0-20190423024810-112230192c58/go.mod h1:RxMgew5VJxzue5/jJTE5uejpjVlOe/izrB70Jof72aM=
golang.org/x/sync v0.16.0 h1:ycBJEhp9p4vXvUZNszeOq0kGTPghopOL8q0fq3vstxw=
golang.org/x/sync v0.16.0/go.mod h1:1dzgHSNfp02xaA81J2MS99Qcpr2w7fw1gpm99rleRqA=
golang.org/x/sys v0.0.0-20180926160741-c2ed4eda69e7/go.mod h1:STP8DvDyc/dI5b8T5hshtkjS+E42TnysNCUPdjciGhY=
golang.org/x/sys v0.0.0-20190215142949-d0b11bdaac8a/go.mod h1:STP8DvDyc/dI5b8T5hshtkjS+E42TnysNCUPdjciGhY=
golang.org/x/sys v0.0.0-20190412213103-97732733099d/go.mod h1:h1NjWce9XRLGQEsW7wpKNCjG9DtNlClVuFLEZdDNbEs=
golang.org/x/sys v0.0.0-20190924154521-2837fb4f24fe/go.mod h1:h1NjWce9XRLGQEsW7wpKNCjG9DtNlClVuFLEZdDNbEs=
golang.org/x/sys v0.35.0 h1:vz1N37gP5bs89s7He8XuIYXpyY0+QlsKmzipCbUtyxI=
golang.org/x/sys v0.35.0/go.mod h1:BJP2sWEmIv4KK5OTEluFJCKSidICx8ciO85XgH3Ak8k=
golang.org/x/term v0.34.0 h1:O/2T7POpk0ZZ7MAzMeWFSg6S5IpWd/RXDlM9hgM3DR4=
golang.org/x/term v0.34.0/go.mod h1:5jC53AEywhIVebHgPVeg0mj8OD3VO9OzclacVrqpaAw=
golang.org/x/text v0.3.0/go.mod h1:NqM8EUOU14njkJ3fqMW+pc6Ldnwhi/IjpwHt7yyuwOQ=
golang.org/x/text v0.28.0 h1:rhazDwis8INMIwQ4tpjLDzUhx6RlXqZNPEM0huQojng=
golang.org/x/text v0.28.0/go.mod h1:U8nCwOR8jO/marOQ0QbDiOngZVEBB7MAiitBuMjXiNU=
golang.org/x/tools v0.0.0-20191216052735-49a3e744a425/go.mod h1:TB2adYChydJhpapKDTa4BR/hXlZSLoq2Wpct/0txZ28=
golang.org/x/tools v0.36.0 h1:kWS0uv/zsvHEle1LbV5LE8QujrxB3wfQyxHfhOk0Qkg=
golang.org/x/tools v0.36.0/go.mod h1:WBDiHKJK8YgLHlcQPYQzNCkUxUypCaa5ZegCVutKm+s=
golang.org/x/xerrors v0.0.0-20191011141410-1b5146add898/go.mod h1:I/5z698sn9Ka8TeJc9MKroUUfqBBauWjQqLJ2OPfmY0=
gopkg.in/check.v1 v0.0.0-20161208181325-20d25e280405/go.mod h1:Co6ibVJAznAaIkqp8huTwlJQCZ016jof/cbN4VW5Yz0=
gopkg.in/check.v1 v1.0.0-20201130134442-10cb98267c6c h1:Hei/4ADfdWqJk1ZMxUNpqntNwaWcugrBjAiHlqqRiVk=
gopkg.in/check.v1 v1.0.0-20201130134442-10cb98267c6c/go.mod h1:JHkPIbrfpd72SG/EVd6muEfDQjcINNoR0C8j2r3qZ4Q=
gopkg.in/yaml.v2 v2.4.0 h1:D8xgwECY7CYvx+Y2n4sBz93Jn9JRvxdiyyo8CTfuKaY=
gopkg.in/yaml.v2 v2.4.0/go.mod h1:RDklbk79AGWmwhnvt/jBztapEOGDOx6ZbXqjP6csGnQ=
gopkg.in/yaml.v3 v3.0.1 h1:fxVm/GzAzEWqLHuvctI91KS9hhNmmWOoWu0XTYJS7CA=
gopkg.in/yaml.v3 v3.0.1/go.mod h1:K4uyk7z7BCEPqu6E+C64Yfv1cQ7kz7rIZviUmN+EgEM=
